
Microsoft Visual Studio Solution File, Format Version 12.00
# Visual Studio Version 17
VisualStudioVersion = 17.7.34018.315
MinimumVisualStudioVersion = 10.0.40219.1
Project("{FAE04EC0-301F-11D3-BF4B-00C04F79EFBC}") = "w14-1", "w14-1\w14-1.csproj", "{988DD39E-EF98-4E30-B8E0-A363DD4B56F7}"
EndProject
Global
	GlobalSection(SolutionConfigurationPlatforms) = preSolution
		Debug|Any CPU = Debug|Any CPU
		Release|Any CPU = Release|Any CPU
	EndGlobalSection
	GlobalSection(ProjectConfigurationPlatforms) = postSolution
		{988DD39E-EF98-4E30-B8E0-A363DD4B56F7}.Debug|Any CPU.ActiveCfg = Debug|Any CPU
		{988DD39E-EF98-4E30-B8E0-A363DD4B56F7}.Debug|Any CPU.Build.0 = Debug|Any CPU
		{988DD39E-EF98-4E30-B8E0-A363DD4B56F7}.Release|Any CPU.ActiveCfg = Release|Any CPU
		{988DD39E-EF98-4E30-B8E0-A363DD4B56F7}.Release|Any CPU.Build.0 = Release|Any CPU
	EndGlobalSection
	GlobalSection(SolutionProperties) = preSolution
		HideSolutionNode = FALSE
	EndGlobalSection
	GlobalSection(ExtensibilityGlobals) = postSolution
		SolutionGuid = {1986384C-50AA-4F31-941B-5A34AD376743}
	EndGlobalSection
EndGlobal
